
Microsoft Visual Studio Solution File, Format Version 12.00
# Visual Studio Version 17
VisualStudioVersion = 17.9.34622.214
MinimumVisualStudioVersion = 10.0.40219.1
Project("{FAE04EC0-301F-11D3-BF4B-00C04F79EFBC}") = "OgrenciMvcWebProjesi", "OgrenciMvcWebProjesi\OgrenciMvcWebProjesi.csproj", "{4AB6FEAF-45D5-4921-A9DE-F59F9E488AA5}"
EndProject
Global
	GlobalSection(SolutionConfigurationPlatforms) = preSolution
		Debug|Any CPU = Debug|Any CPU
		Release|Any CPU = Release|Any CPU
	EndGlobalSection
	GlobalSection(ProjectConfigurationPlatforms) = postSolution
		{4AB6FEAF-45D5-4921-A9DE-F59F9E488AA5}.Debug|Any CPU.ActiveCfg = Debug|Any CPU
		{4AB6FEAF-45D5-4921-A9DE-F59F9E488AA5}.Debug|Any CPU.Build.0 = Debug|Any CPU
		{4AB6FEAF-45D5-4921-A9DE-F59F9E488AA5}.Release|Any CPU.ActiveCfg = Release|Any CPU
		{4AB6FEAF-45D5-4921-A9DE-F59F9E488AA5}.Release|Any CPU.Build.0 = Release|Any CPU
	EndGlobalSection
	GlobalSection(SolutionProperties) = preSolution
		HideSolutionNode = FALSE
	EndGlobalSection
	GlobalSection(ExtensibilityGlobals) = postSolution
		SolutionGuid = {AEE0760C-E803-40B2-BA44-6DC08574298C}
	EndGlobalSection
EndGlobal
